#MicroXplorer Configuration settings - do not modify
Mcu.Family=STM32F4
PA11.GPIO_Speed=GPIO_SPEED_FREQ_VERY_HIGH
ProjectManager.MainLocation=Core/Src
RCC.CortexFreq_Value=100000000
ProjectManager.KeepUserCode=true
Mcu.UserName=STM32F411CEUx
PB10.GPIO_PuPd=GPIO_NOPULL
SPI2.VirtualType=VM_MASTER
ADC1.ContinuousConvMode=ENABLE
RCC.PLLCLKFreq_Value=100000000
PB14.GPIO_Label=OLED_CS
RCC.PLLQCLKFreq_Value=50000000
PA3.GPIO_PuPd=GPIO_NOPULL
PB2.GPIO_Speed=GPIO_SPEED_FREQ_VERY_HIGH
PA12.GPIOParameters=GPIO_Speed,PinState,GPIO_Label
ProjectManager.functionlistsort=1-MX_GPIO_Init-GPIO-false-HAL-true,2-SystemClock_Config-RCC-false-HAL-false,3-MX_ADC1_Init-ADC1-false-HAL-true,4-MX_TIM2_Init-TIM2-false-HAL-true,5-MX_TIM3_Init-TIM3-false-HAL-true,6-MX_USART1_UART_Init-USART1-false-HAL-true,7-MX_TIM4_Init-TIM4-false-HAL-true,8-MX_SPI2_Init-SPI2-false-HAL-true
PA2.GPIO_Speed=GPIO_SPEED_FREQ_VERY_HIGH
PA11.GPIOParameters=GPIO_Speed,PinState,GPIO_Label
RCC.RTCFreq_Value=32000
PA3.GPIOParameters=GPIO_PuPd,GPIO_Label
PA6.GPIO_Label=Trigger3
PB6.GPIO_Label=Motor_B
USART1.IPParameters=VirtualMode
PB13.Signal=SPI2_SCK
PB15.Signal=SPI2_MOSI
PA2.GPIOParameters=GPIO_Speed,GPIO_Label
PinOutPanel.RotationAngle=0
PB3.GPIO_Speed=GPIO_SPEED_FREQ_VERY_HIGH
RCC.SYSCLKSource=RCC_SYSCLKSOURCE_PLLCLK
ProjectManager.StackSize=0x400
PB5.GPIOParameters=GPIO_Label
Mcu.IP4=SYS
RCC.FCLKCortexFreq_Value=100000000
Mcu.IP5=TIM2
NVIC.SVCall_IRQn=true\:0\:0\:false\:false\:true\:false\:false
NVIC.ADC_IRQn=true\:0\:0\:false\:false\:true\:true\:true
Mcu.IP2=RCC
Mcu.IP3=SPI2
PA15.GPIO_Label=Steering_B
PB4.GPIOParameters=GPIO_Label
Mcu.IP0=ADC1
PA12.Locked=true
Mcu.IP1=NVIC
PA12.Signal=GPIO_Output
Mcu.UserConstants=
PH0\ -\ OSC_IN.Signal=RCC_OSC_IN
SH.S_TIM3_CH2.ConfNb=1
Mcu.ThirdPartyNb=0
RCC.HCLKFreq_Value=100000000
Mcu.IPNb=9
RCC.I2SClocksFreq_Value=150000000
TIM2.IPParameters=Prescaler,Period
ProjectManager.PreviousToolchain=
RCC.APB2TimFreq_Value=100000000
TIM3.Period=255
PB6.Signal=GPIO_Output
RCC.VcooutputI2S=150000000
PB12.PinState=GPIO_PIN_RESET
PA8.GPIOParameters=GPIO_Speed,PinState,GPIO_Label
Mcu.Pin6=PA3
Mcu.Pin7=PA4
VP_TIM2_VS_ClockSourceINT.Signal=TIM2_VS_ClockSourceINT
Mcu.Pin8=PA5
Mcu.Pin9=PA6
PA1.GPIO_PuPd=GPIO_NOPULL
RCC.AHBFreq_Value=100000000
SPI2.BaudRatePrescaler=SPI_BAUDRATEPRESCALER_4
Mcu.Pin0=PC13-ANTI_TAMP
Mcu.Pin1=PH0 - OSC_IN
TIM3.Channel-PWM\ Generation1\ CH1=TIM_CHANNEL_1
GPIO.groupedBy=Group By Peripherals
Mcu.Pin2=PH1 - OSC_OUT
Mcu.Pin3=PA0-WKUP
Mcu.Pin4=PA1
PA0-WKUP.GPIOParameters=GPIO_Speed,GPIO_Label
Mcu.Pin5=PA2
PA12.PinState=GPIO_PIN_SET
ProjectManager.ProjectBuild=false
RCC.HSE_VALUE=25000000
NVIC.UsageFault_IRQn=true\:0\:0\:false\:false\:true\:false\:false
PA0-WKUP.GPIO_Speed=GPIO_SPEED_FREQ_VERY_HIGH
NVIC.DebugMonitor_IRQn=true\:0\:0\:false\:false\:true\:false\:false
PB2.Signal=GPIO_Output
ADC1.ScanConvMode=ENABLE
PA8.Locked=true
PA4.Locked=true
PC13-ANTI_TAMP.Signal=GPIO_Output
NVIC.SysTick_IRQn=true\:0\:0\:false\:false\:true\:false\:true
PA4.GPIO_Speed=GPIO_SPEED_FREQ_VERY_HIGH
PB12.GPIO_Label=OLED_DC
ProjectManager.FirmwarePackage=STM32Cube FW_F4 V1.26.1
MxDb.Version=DB.6.0.21
PA1.GPIOParameters=GPIO_PuPd,GPIO_Label
ProjectManager.BackupPrevious=false
RCC.VCOInputFreq_Value=2083333.3333333333
PA14.Mode=Serial_Wire
TIM3.Prescaler=7812
PA5.GPIO_PuPd=GPIO_NOPULL
NVIC.TIM2_IRQn=true\:0\:0\:false\:false\:true\:true\:true
File.Version=6
SH.ADCx_IN8.0=ADC1_IN8,IN8
SPI2.CalculateBaudRate=12.5 MBits/s
PB3.GPIOParameters=GPIO_Speed,GPIO_Label
PB7.Signal=GPIO_Output
PA8.Signal=GPIO_Output
PB6.Locked=true
NVIC.PendSV_IRQn=true\:0\:0\:false\:false\:true\:false\:false
SH.S_TIM3_CH1.0=TIM3_CH1,PWM Generation1 CH1
TIM4.Period=57
PB6.GPIOParameters=GPIO_Speed,GPIO_Label
ProjectManager.HalAssertFull=false
ProjectManager.ProjectName=STM32F411CEU6_RoboCar
PB7.GPIO_Label=Motor_A
Mcu.Package=UFQFPN48
TIM2.Prescaler=10000
PA6.Signal=GPIO_Output
PA7.Locked=true
PA5.Locked=true
SPI2.Mode=SPI_MODE_MASTER
ProjectManager.ToolChainLocation=
PA2.GPIO_Label=Trigger1
RCC.LSI_VALUE=32000
VP_SYS_VS_Systick.Signal=SYS_VS_Systick
PA10.Signal=USART1_RX
PA15.Signal=GPIO_Output
PA5.GPIOParameters=GPIO_PuPd,GPIO_Label
PB14.GPIOParameters=GPIO_Speed,PinState,GPIO_Label
RCC.APB2CLKDivider=RCC_HCLK_DIV2
PB5.GPIO_Label=Motor_PWM
RCC.APB1TimFreq_Value=100000000
NVIC.BusFault_IRQn=true\:0\:0\:false\:false\:true\:false\:false
SPI2.Direction=SPI_DIRECTION_2LINES
PB10.GPIOParameters=GPIO_PuPd,GPIO_Label
PB13.Mode=TX_Only_Simplex_Unidirect_Master
PA6.GPIO_Speed=GPIO_SPEED_FREQ_VERY_HIGH
NVIC.USART1_IRQn=true\:0\:0\:false\:false\:true\:true\:true
PA4.GPIO_Label=Trigger2
PA8.GPIO_Speed=GPIO_SPEED_FREQ_VERY_HIGH
ProjectManager.CustomerFirmwarePackage=
VP_TIM3_VS_ClockSourceINT.Mode=Internal
PA12.GPIO_Speed=GPIO_SPEED_FREQ_VERY_HIGH
PA8.PinState=GPIO_PIN_RESET
PB3.Locked=true
PB4.Signal=S_TIM3_CH1
PA3.Signal=GPIO_Input
PC13-ANTI_TAMP.GPIOParameters=PinState,GPIO_Label
PB7.GPIO_Speed=GPIO_SPEED_FREQ_VERY_HIGH
PA2.Locked=true
PB3.GPIO_Label=Steering_A
PA6.GPIOParameters=GPIO_Speed,GPIO_Label
RCC.PLLSourceVirtual=RCC_PLLSOURCE_HSE
ProjectManager.ProjectFileName=STM32F411CEU6_RoboCar.ioc
PA10.Mode=Asynchronous
PA15.GPIOParameters=GPIO_Speed,GPIO_Label
Mcu.PinsNb=35
ProjectManager.NoMain=false
PC13-ANTI_TAMP.GPIO_Label=LED
ADC1.IPParameters=Rank-1\#ChannelRegularConversion,master,Channel-1\#ChannelRegularConversion,SamplingTime-1\#ChannelRegularConversion,NbrOfConversionFlag,ScanConvMode,ContinuousConvMode,ExternalTrigConv,NbrOfConversion,DMAContinuousRequests
PH1\ -\ OSC_OUT.Mode=HSE-External-Oscillator
PA11.GPIO_Label=ESP_Reset
ProjectManager.DefaultFWLocation=true
PB12.Locked=true
ProjectManager.DeletePrevious=true
PB14.Locked=true
RCC.APB1CLKDivider=RCC_HCLK_DIV2
PB10.Locked=true
PA12.GPIO_Label=ESP_ENABLE
RCC.FamilyName=M
PC13-ANTI_TAMP.PinState=GPIO_PIN_SET
PA0-WKUP.GPIO_Label=Trigger0
PA0-WKUP.Signal=GPIO_Output
PA0-WKUP.Locked=true
PA13.Signal=SYS_JTMS-SWDIO
PA11.Locked=true
PA9.Mode=Asynchronous
PA15.Locked=true
PH0\ -\ OSC_IN.Mode=HSE-External-Oscillator
PA8.GPIO_Label=OLED_RESET
PB14.PinState=GPIO_PIN_SET
VP_TIM4_VS_ClockSourceINT.Signal=TIM4_VS_ClockSourceINT
ProjectManager.TargetToolchain=STM32CubeIDE
PB14.GPIO_Speed=GPIO_SPEED_FREQ_VERY_HIGH
TIM4.IPParameters=Prescaler,Period
PB10.GPIO_Label=Echo4
PB7.GPIOParameters=GPIO_Speed,GPIO_Label
PB2.GPIOParameters=GPIO_Speed,GPIO_Label
PA9.Signal=USART1_TX
ADC1.Channel-1\#ChannelRegularConversion=ADC_CHANNEL_8
SPI2.IPParameters=VirtualType,Mode,Direction,CalculateBaudRate,BaudRatePrescaler
RCC.VCOInputMFreq_Value=1562500
ProjectManager.RegisterCallBack=
VP_TIM3_VS_ClockSourceINT.Signal=TIM3_VS_ClockSourceINT
TIM4.Prescaler=100
RCC.LSE_VALUE=32768
PA1.Signal=GPIO_Input
PA7.GPIO_PuPd=GPIO_NOPULL
PB12.GPIO_Speed=GPIO_SPEED_FREQ_VERY_HIGH
PB10.Signal=GPIO_Input
RCC.VCOI2SOutputFreq_Value=300000000
PB14.Signal=GPIO_Output
PA5.Signal=GPIO_Input
SH.S_TIM3_CH2.0=TIM3_CH2,PWM Generation2 CH2
PH1\ -\ OSC_OUT.Signal=RCC_OSC_OUT
board=custom
RCC.VCOOutputFreq_Value=200000000
PC13-ANTI_TAMP.Locked=true
ProjectManager.LastFirmware=true
PB15.Mode=TX_Only_Simplex_Unidirect_Master
NVIC.TIM3_IRQn=true\:0\:0\:false\:false\:true\:true\:true
RCC.APB2Freq_Value=50000000
MxCube.Version=6.2.1
PB4.GPIO_Label=Steering_PWM
VP_TIM2_VS_ClockSourceINT.Mode=Internal
Mcu.Pin30=PB7
PA1.GPIO_Label=Echo0
VP_SYS_VS_Systick.Mode=SysTick
RCC.EthernetFreq_Value=100000000
Mcu.Pin33=VP_TIM3_VS_ClockSourceINT
TIM3.IPParameters=Channel-PWM Generation1 CH1,Channel-PWM Generation2 CH2,Prescaler,Period
Mcu.Pin34=VP_TIM4_VS_ClockSourceINT
Mcu.Pin31=VP_SYS_VS_Systick
Mcu.Pin32=VP_TIM2_VS_ClockSourceINT
NVIC.NonMaskableInt_IRQn=true\:0\:0\:false\:false\:true\:false\:false
PA4.GPIOParameters=GPIO_Speed,GPIO_Label
ADC1.DMAContinuousRequests=DISABLE
TIM2.Period=9999
SH.ADCx_IN8.ConfNb=1
ADC1.NbrOfConversion=1
PA13.Mode=Serial_Wire
ProjectManager.FreePins=false
RCC.IPParameters=48MHZClocksFreq_Value,AHBFreq_Value,APB1CLKDivider,APB1Freq_Value,APB1TimFreq_Value,APB2CLKDivider,APB2Freq_Value,APB2TimFreq_Value,CortexFreq_Value,EthernetFreq_Value,FCLKCortexFreq_Value,FamilyName,HCLKFreq_Value,HSE_VALUE,HSI_VALUE,I2SClocksFreq_Value,LSE_VALUE,LSI_VALUE,PLLCLKFreq_Value,PLLM,PLLN,PLLQCLKFreq_Value,PLLSourceVirtual,RTCFreq_Value,RTCHSEDivFreq_Value,SYSCLKFreq_VALUE,SYSCLKSource,VCOI2SOutputFreq_Value,VCOInputFreq_Value,VCOInputMFreq_Value,VCOOutputFreq_Value,VcooutputI2S
ProjectManager.AskForMigrate=true
Mcu.Name=STM32F411C(C-E)Ux
Mcu.Pin26=PB3
Mcu.Pin27=PB4
RCC.RTCHSEDivFreq_Value=12500000
PA2.Signal=GPIO_Output
Mcu.Pin24=PA14
ProjectManager.UnderRoot=true
Mcu.Pin25=PA15
PB2.Locked=true
Mcu.IP8=USART1
ADC1.ExternalTrigConv=ADC_EXTERNALTRIGCONV_T3_CC1
Mcu.Pin28=PB5
Mcu.IP6=TIM3
Mcu.Pin29=PB6
Mcu.IP7=TIM4
ProjectManager.CoupleFile=false
RCC.48MHZClocksFreq_Value=50000000
PB3.Signal=GPIO_Output
PA4.Signal=GPIO_Output
ADC1.SamplingTime-1\#ChannelRegularConversion=ADC_SAMPLETIME_3CYCLES
RCC.SYSCLKFreq_VALUE=100000000
Mcu.Pin22=PA12
PB5.Signal=S_TIM3_CH2
Mcu.Pin23=PA13
PA1.Locked=true
PA7.GPIO_Label=Echo3
Mcu.Pin20=PA10
ADC1.master=1
PA3.Locked=true
Mcu.Pin21=PA11
PA5.GPIO_Label=Echo2
NVIC.ForceEnableDMAVector=true
KeepUserPlacement=false
NVIC.MemoryManagement_IRQn=true\:0\:0\:false\:false\:true\:false\:false
USART1.VirtualMode=VM_ASYNC
ProjectManager.CompilerOptimize=6
PA15.GPIO_Speed=GPIO_SPEED_FREQ_VERY_HIGH
ADC1.Rank-1\#ChannelRegularConversion=1
PA11.Signal=GPIO_Output
PA14.Signal=SYS_JTCK-SWCLK
PB2.GPIO_Label=Trigger4
ProjectManager.HeapSize=0x200
Mcu.Pin15=PB13
NVIC.HardFault_IRQn=true\:0\:0\:false\:false\:true\:false\:false
Mcu.Pin16=PB14
Mcu.Pin13=PB10
Mcu.Pin14=PB12
Mcu.Pin19=PA9
SH.S_TIM3_CH1.ConfNb=1
ProjectManager.ComputerToolchain=false
Mcu.Pin17=PB15
RCC.HSI_VALUE=16000000
Mcu.Pin18=PA8
VP_TIM4_VS_ClockSourceINT.Mode=Internal
NVIC.PriorityGroup=NVIC_PRIORITYGROUP_4
ADC1.NbrOfConversionFlag=1
Mcu.Pin11=PB0
TIM3.Channel-PWM\ Generation2\ CH2=TIM_CHANNEL_2
Mcu.Pin12=PB2
RCC.PLLM=12
RCC.PLLN=96
Mcu.Pin10=PA7
PB7.Locked=true
PB6.GPIO_Speed=GPIO_SPEED_FREQ_VERY_HIGH
NVIC.TIM4_IRQn=true\:0\:0\:false\:false\:true\:true\:true
PA11.PinState=GPIO_PIN_SET
RCC.APB1Freq_Value=50000000
PB0.Signal=ADCx_IN8
PA7.GPIOParameters=GPIO_PuPd,GPIO_Label
ProjectManager.DeviceId=STM32F411CEUx
PB12.GPIOParameters=GPIO_Speed,PinState,GPIO_Label
PB12.Signal=GPIO_Output
ProjectManager.LibraryCopy=1
PA3.GPIO_Label=Echo1
PA7.Signal=GPIO_Input
PA6.Locked=true
isbadioc=false
